{
  "requires": true,
  "lockfileVersion": 1,
  "dependencies": {
    "highlight.js": {
      "version": "9.16.2",
      "resolved": "https://registry.npmjs.org/highlight.js/-/highlight.js-9.16.2.tgz",
      "integrity": "sha512-feMUrVLZvjy0oC7FVJQcSQRqbBq9kwqnYE4+Kj9ZjbHh3g+BisiPgF49NyQbVLNdrL/qqZr3Ca9yOKwgn2i/tw=="
    },
    "highlight.js-async-webpack": {
      "version": "1.0.4",
      "resolved": "https://registry.npmjs.org/highlight.js-async-webpack/-/highlight.js-async-webpack-1.0.4.tgz",
      "integrity": "sha1-wGtnv5nwSQRdYrdW5YVbCRLsYWw="
    },
    "mavon-editor": {
      "version": "2.7.7",
      "resolved": "https://registry.npmjs.org/mavon-editor/-/mavon-editor-2.7.7.tgz",
      "integrity": "sha512-lXnYe+dztKepbv8bi2nedRqG/AwyUDF8gmkv9lHD3fpVJ1+pzAS6YILRIryKCvO9qPIOPEThHsda2DxtlzRsZA==",
      "requires": {
        "highlight.js": "^9.11.0",
        "highlight.js-async-webpack": "^1.0.4"
      }
    }
  }
}
