# THIS IS AN AUTOGENERATED FILE. DO NOT EDIT THIS FILE DIRECTLY.
# yarn lockfile v1


highlight.js-async-webpack@^1.0.4:
  version "1.0.4"
  resolved "https://registry.yarnpkg.com/highlight.js-async-webpack/-/highlight.js-async-webpack-1.0.4.tgz#c06b67bf99f049045d62b756e5855b0912ec616c"
  integrity sha1-wGtnv5nwSQRdYrdW5YVbCRLsYWw=

highlight.js@^9.11.0:
  version "9.16.2"
  resolved "https://registry.yarnpkg.com/highlight.js/-/highlight.js-9.16.2.tgz#68368d039ffe1c6211bcc07e483daf95de3e403e"
  integrity sha512-feMUrVLZvjy0oC7FVJQcSQRqbBq9kwqnYE4+Kj9ZjbHh3g+BisiPgF49NyQbVLNdrL/qqZr3Ca9yOKwgn2i/tw==

mavon-editor@^2.7.7:
  version "2.7.7"
  resolved "https://registry.yarnpkg.com/mavon-editor/-/mavon-editor-2.7.7.tgz#6b491caf6fababacb69883a5310dc8ad251f1c9e"
  integrity sha512-lXnYe+dztKepbv8bi2nedRqG/AwyUDF8gmkv9lHD3fpVJ1+pzAS6YILRIryKCvO9qPIOPEThHsda2DxtlzRsZA==
  dependencies:
    highlight.js "^9.11.0"
    highlight.js-async-webpack "^1.0.4"
